
Microsoft Visual Studio Solution File, Format Version 12.00
# Visual Studio Version 17
VisualStudioVersion = 17.2.32630.192
MinimumVisualStudioVersion = 10.0.40219.1
Project("{FAE04EC0-301F-11D3-BF4B-00C04F79EFBC}") = "DB", "DB\DB.csproj", "{9006E13A-0565-444E-8F59-16686FAEC64E}"
EndProject
Global
	GlobalSection(SolutionConfigurationPlatforms) = preSolution
		Debug|Any CPU = Debug|Any CPU
		Release|Any CPU = Release|Any CPU
	EndGlobalSection
	GlobalSection(ProjectConfigurationPlatforms) = postSolution
		{9006E13A-0565-444E-8F59-16686FAEC64E}.Debug|Any CPU.ActiveCfg = Debug|Any CPU
		{9006E13A-0565-444E-8F59-16686FAEC64E}.Debug|Any CPU.Build.0 = Debug|Any CPU
		{9006E13A-0565-444E-8F59-16686FAEC64E}.Release|Any CPU.ActiveCfg = Release|Any CPU
		{9006E13A-0565-444E-8F59-16686FAEC64E}.Release|Any CPU.Build.0 = Release|Any CPU
	EndGlobalSection
	GlobalSection(SolutionProperties) = preSolution
		HideSolutionNode = FALSE
	EndGlobalSection
	GlobalSection(ExtensibilityGlobals) = postSolution
		SolutionGuid = {3B1460C8-44DA-4D45-AF48-BFD90C13C813}
	EndGlobalSection
EndGlobal
